// !$*UTF8*$!
{
	archiveVersion = 1;
	classes = {
	};
	objectVersion = 55;
	objects = {

/* Begin PBXBuildFile section */
		4398524227D752DC000944DD /* AppDelegate.swift in Sources */ = {isa = PBXBuildFile; fileRef = 4398524127D752DC000944DD /* AppDelegate.swift */; };
		4398524427D752DC000944DD /* SceneDelegate.swift in Sources */ = {isa = PBXBuildFile; fileRef = 4398524327D752DC000944DD /* SceneDelegate.swift */; };
		4398524627D752DC000944DD /* ViewController.swift in Sources */ = {isa = PBXBuildFile; fileRef = 4398524527D752DC000944DD /* ViewController.swift */; };
		4398524927D752DC000944DD /* Main.storyboard in Resources */ = {isa = PBXBuildFile; fileRef = 4398524727D752DC000944DD /* Main.storyboard */; };
		4398524B27D752DD000944DD /* Assets.xcassets in Resources */ = {isa = PBXBuildFile; fileRef = 4398524A27D752DD000944DD /* Assets.xcassets */; };
		4398524E27D752DD000944DD /* LaunchScreen.storyboard in Resources */ = {isa = PBXBuildFile; fileRef = 4398524C27D752DD000944DD /* LaunchScreen.storyboard */; };
		4398525927D752DD000944DD /* Project01_TipCalculatorTests.swift in Sources */ = {isa = PBXBuildFile; fileRef = 4398525827D752DD000944DD /* Project01_TipCalculatorTests.swift */; };
		4398526327D752DD000944DD /* Project01_TipCalculatorUITests.swift in Sources */ = {isa = PBXBuildFile; fileRef = 4398526227D752DD000944DD /* Project01_TipCalculatorUITests.swift */; };
		4398526527D752DD000944DD /* Project01_TipCalculatorUITestsLaunchTests.swift in Sources */ = {isa = PBXBuildFile; fileRef = 4398526427D752DD000944DD /* Project01_TipCalculatorUITestsLaunchTests.swift */; };
/* End PBXBuildFile section */

/* Begin PBXContainerItemProxy section */
		4398525527D752DD000944DD /* PBXContainerItemProxy */ = {
			isa = PBXContainerItemProxy;
			containerPortal = 4398523627D752DC000944DD /* Project object */;
			proxyType = 1;
			remoteGlobalIDString = 4398523D27D752DC000944DD;
			remoteInfo = Project01_TipCalculator;
		};
		4398525F27D752DD000944DD /* PBXContainerItemProxy */ = {
			isa = PBXContainerItemProxy;
			containerPortal = 4398523627D752DC000944DD /* Project object */;
			proxyType = 1;
			remoteGlobalIDString = 4398523D27D752DC000944DD;
			remoteInfo = Project01_TipCalculator;
		};
/* End PBXContainerItemProxy section */

/* Begin PBXFileReference section */
		4398523E27D752DC000944DD /* Project01_TipCalculator.app */ = {isa = PBXFileReference; explicitFileType = wrapper.application; includeInIndex = 0; path = Project01_TipCalculator.app; sourceTree = BUILT_PRODUCTS_DIR; };
		4398524127D752DC000944DD /* AppDelegate.swift */ = {isa = PBXFileReference; lastKnownFileType = sourcecode.swift; path = AppDelegate.swift; sourceTree = "<group>"; };
		4398524327D752DC000944DD /* SceneDelegate.swift */ = {isa = PBXFileReference; lastKnownFileType = sourcecode.swift; path = SceneDelegate.swift; sourceTree = "<group>"; };
		4398524527D752DC000944DD /* ViewController.swift */ = {isa = PBXFileReference; lastKnownFileType = sourcecode.swift; path = ViewController.swift; sourceTree = "<group>"; };
		4398524827D752DC000944DD /* Base */ = {isa = PBXFileReference; lastKnownFileType = file.storyboard; name = Base; path = Base.lproj/Main.storyboard; sourceTree = "<group>"; };
		4398524A27D752DD000944DD /* Assets.xcassets */ = {isa = PBXFileReference; lastKnownFileType = folder.assetcatalog; path = Assets.xcassets; sourceTree = "<group>"; };
		4398524D27D752DD000944DD /* Base */ = {isa = PBXFileReference; lastKnownFileType = file.storyboard; name = Base; path = Base.lproj/LaunchScreen.storyboard; sourceTree = "<group>"; };
		4398524F27D752DD000944DD /* Info.plist */ = {isa = PBXFileReference; lastKnownFileType = text.plist.xml; path = Info.plist; sourceTree = "<group>"; };
		4398525427D752DD000944DD /* Project01_TipCalculatorTests.xctest */ = {isa = PBXFileReference; explicitFileType = wrapper.cfbundle; includeInIndex = 0; path = Project01_TipCalculatorTests.xctest; sourceTree = BUILT_PRODUCTS_DIR; };
		4398525827D752DD000944DD /* Project01_TipCalculatorTests.swift */ = {isa = PBXFileReference; lastKnownFileType = sourcecode.swift; path = Project01_TipCalculatorTests.swift; sourceTree = "<group>"; };
		4398525E27D752DD000944DD /* Project01_TipCalculatorUITests.xctest */ = {isa = PBXFileReference; explicitFileType = wrapper.cfbundle; includeInIndex = 0; path = Project01_TipCalculatorUITests.xctest; sourceTree = BUILT_PRODUCTS_DIR; };
		4398526227D752DD000944DD /* Project01_TipCalculatorUITests.swift */ = {isa = PBXFileReference; lastKnownFileType = sourcecode.swift; path = Project01_TipCalculatorUITests.swift; sourceTree = "<group>"; };
		4398526427D752DD000944DD /* Project01_TipCalculatorUITestsLaunchTests.swift */ = {isa = PBXFileReference; lastKnownFileType = sourcecode.swift; path = Project01_TipCalculatorUITestsLaunchTests.swift; sourceTree = "<group>"; };
/* End PBXFileReference section */

/* Begin PBXFrameworksBuildPhase section */
		4398523B27D752DC000944DD /* Frameworks */ = {
			isa = PBXFrameworksBuildPhase;
			buildActionMask = 2147483647;
			files = (
			);
			runOnlyForDeploymentPostprocessing = 0;
		};
		4398525127D752DD000944DD /* Frameworks */ = {
			isa = PBXFrameworksBuildPhase;
			buildActionMask = 2147483647;
			files = (
			);
			runOnlyForDeploymentPostprocessing = 0;
		};
		4398525B27D752DD000944DD /* Frameworks */ = {
			isa = PBXFrameworksBuildPhase;
			buildActionMask = 2147483647;
			files = (
			);
			runOnlyForDeploymentPostprocessing = 0;
		};
/* End PBXFrameworksBuildPhase section */

/* Begin PBXGroup section */
		4398523527D752DC000944DD = {
			isa = PBXGroup;
			children = (
				4398524027D752DC000944DD /* Project01_TipCalculator */,
				4398525727D752DD000944DD /* Project01_TipCalculatorTests */,
				4398526127D752DD000944DD /* Project01_TipCalculatorUITests */,
				4398523F27D752DC000944DD /* Products */,
			);
			sourceTree = "<group>";
		};
		4398523F27D752DC000944DD /* Products */ = {
			isa = PBXGroup;
			children = (
				4398523E27D752DC000944DD /* Project01_TipCalculator.app */,
				4398525427D752DD000944DD /* Project01_TipCalculatorTests.xctest */,
				4398525E27D752DD000944DD /* Project01_TipCalculatorUITests.xctest */,
			);
			name = Products;
			sourceTree = "<group>";
		};
		4398524027D752DC000944DD /* Project01_TipCalculator */ = {
			isa = PBXGroup;
			children = (
				4398524127D752DC000944DD /* AppDelegate.swift */,
				4398524327D752DC000944DD /* SceneDelegate.swift */,
				4398524527D752DC000944DD /* ViewController.swift */,
				4398524727D752DC000944DD /* Main.storyboard */,
				4398524A27D752DD000944DD /* Assets.xcassets */,
				4398524C27D752DD000944DD /* LaunchScreen.storyboard */,
				4398524F27D752DD000944DD /* Info.plist */,
			);
			path = Project01_TipCalculator;
			sourceTree = "<group>";
		};
		4398525727D752DD000944DD /* Project01_TipCalculatorTests */ = {
			isa = PBXGroup;
			children = (
				4398525827D752DD000944DD /* Project01_TipCalculatorTests.swift */,
			);
			path = Project01_TipCalculatorTests;
			sourceTree = "<group>";
		};
		4398526127D752DD000944DD /* Project01_TipCalculatorUITests */ = {
			isa = PBXGroup;
			children = (
				4398526227D752DD000944DD /* Project01_TipCalculatorUITests.swift */,
				4398526427D752DD000944DD /* Project01_TipCalculatorUITestsLaunchTests.swift */,
			);
			path = Project01_TipCalculatorUITests;
			sourceTree = "<group>";
		};
/* End PBXGroup section */

/* Begin PBXNativeTarget section */
		4398523D27D752DC000944DD /* Project01_TipCalculator */ = {
			isa = PBXNativeTarget;
			buildConfigurationList = 4398526827D752DD000944DD /* Build configuration list for PBXNativeTarget "Project01_TipCalculator" */;
			buildPhases = (
				4398523A27D752DC000944DD /* Sources */,
				4398523B27D752DC000944DD /* Frameworks */,
				4398523C27D752DC000944DD /* Resources */,
			);
			buildRules = (
			);
			dependencies = (
			);
			name = Project01_TipCalculator;
			productName = Project01_TipCalculator;
			productReference = 4398523E27D752DC000944DD /* Project01_TipCalculator.app */;
			productType = "com.apple.product-type.application";
		};
		4398525327D752DD000944DD /* Project01_TipCalculatorTests */ = {
			isa = PBXNativeTarget;
			buildConfigurationList = 4398526B27D752DD000944DD /* Build configuration list for PBXNativeTarget "Project01_TipCalculatorTests" */;
			buildPhases = (
				4398525027D752DD000944DD /* Sources */,
				4398525127D752DD000944DD /* Frameworks */,
				4398525227D752DD000944DD /* Resources */,
			);
			buildRules = (
			);
			dependencies = (
				4398525627D752DD000944DD /* PBXTargetDependency */,
			);
			name = Project01_TipCalculatorTests;
			productName = Project01_TipCalculatorTests;
			productReference = 4398525427D752DD000944DD /* Project01_TipCalculatorTests.xctest */;
			productType = "com.apple.product-type.bundle.unit-test";
		};
		4398525D27D752DD000944DD /* Project01_TipCalculatorUITests */ = {
			isa = PBXNativeTarget;
			buildConfigurationList = 4398526E27D752DD000944DD /* Build configuration list for PBXNativeTarget "Project01_TipCalculatorUITests" */;
			buildPhases = (
				4398525A27D752DD000944DD /* Sources */,
				4398525B27D752DD000944DD /* Frameworks */,
				4398525C27D752DD000944DD /* Resources */,
			);
			buildRules = (
			);
			dependencies = (
				4398526027D752DD000944DD /* PBXTargetDependency */,
			);
			name = Project01_TipCalculatorUITests;
			productName = Project01_TipCalculatorUITests;
			productReference = 4398525E27D752DD000944DD /* Project01_TipCalculatorUITests.xctest */;
			productType = "com.apple.product-type.bundle.ui-testing";
		};
/* End PBXNativeTarget section */

/* Begin PBXProject section */
		4398523627D752DC000944DD /* Project object */ = {
			isa = PBXProject;
			attributes = {
				BuildIndependentTargetsInParallel = 1;
				LastSwiftUpdateCheck = 1320;
				LastUpgradeCheck = 1320;
				TargetAttributes = {
					4398523D27D752DC000944DD = {
						CreatedOnToolsVersion = 13.2.1;
					};
					4398525327D752DD000944DD = {
						CreatedOnToolsVersion = 13.2.1;
						TestTargetID = 4398523D27D752DC000944DD;
					};
					4398525D27D752DD000944DD = {
						CreatedOnToolsVersion = 13.2.1;
						TestTargetID = 4398523D27D752DC000944DD;
					};
				};
			};
			buildConfigurationList = 4398523927D752DC000944DD /* Build configuration list for PBXProject "Project01_TipCalculator" */;
			compatibilityVersion = "Xcode 13.0";
			developmentRegion = en;
			hasScannedForEncodings = 0;
			knownRegions = (
				en,
				Base,
			);
			mainGroup = 4398523527D752DC000944DD;
			productRefGroup = 4398523F27D752DC000944DD /* Products */;
			projectDirPath = "";
			projectRoot = "";
			targets = (
				4398523D27D752DC000944DD /* Project01_TipCalculator */,
				4398525327D752DD000944DD /* Project01_TipCalculatorTests */,
				4398525D27D752DD000944DD /* Project01_TipCalculatorUITests */,
			);
		};
/* End PBXProject section */

/* Begin PBXResourcesBuildPhase section */
		4398523C27D752DC000944DD /* Resources */ = {
			isa = PBXResourcesBuildPhase;
			buildActionMask = 2147483647;
			files = (
				4398524E27D752DD000944DD /* LaunchScreen.storyboard in Resources */,
				4398524B27D752DD000944DD /* Assets.xcassets in Resources */,
				4398524927D752DC000944DD /* Main.storyboard in Resources */,
			);
			runOnlyForDeploymentPostprocessing = 0;
		};
		4398525227D752DD000944DD /* Resources */ = {
			isa = PBXResourcesBuildPhase;
			buildActionMask = 2147483647;
			files = (
			);
			runOnlyForDeploymentPostprocessing = 0;
		};
		4398525C27D752DD000944DD /* Resources */ = {
			isa = PBXResourcesBuildPhase;
			buildActionMask = 2147483647;
			files = (
			);
			runOnlyForDeploymentPostprocessing = 0;
		};
/* End PBXResourcesBuildPhase section */

/* Begin PBXSourcesBuildPhase section */
		4398523A27D752DC000944DD /* Sources */ = {
			isa = PBXSourcesBuildPhase;
			buildActionMask = 2147483647;
			files = (
				4398524627D752DC000944DD /* ViewController.swift in Sources */,
				4398524227D752DC000944DD /* AppDelegate.swift in Sources */,
				4398524427D752DC000944DD /* SceneDelegate.swift in Sources */,
			);
			runOnlyForDeploymentPostprocessing = 0;
		};
		4398525027D752DD000944DD /* Sources */ = {
			isa = PBXSourcesBuildPhase;
			buildActionMask = 2147483647;
			files = (
				4398525927D752DD000944DD /* Project01_TipCalculatorTests.swift in Sources */,
			);
			runOnlyForDeploymentPostprocessing = 0;
		};
		4398525A27D752DD000944DD /* Sources */ = {
			isa = PBXSourcesBuildPhase;
			buildActionMask = 2147483647;
			files = (
				4398526327D752DD000944DD /* Project01_TipCalculatorUITests.swift in Sources */,
				4398526527D752DD000944DD /* Project01_TipCalculatorUITestsLaunchTests.swift in Sources */,
			);
			runOnlyForDeploymentPostprocessing = 0;
		};
/* End PBXSourcesBuildPhase section */

/* Begin PBXTargetDependency section */
		4398525627D752DD000944DD /* PBXTargetDependency */ = {
			isa = PBXTargetDependency;
			target = 4398523D27D752DC000944DD /* Project01_TipCalculator */;
			targetProxy = 4398525527D752DD000944DD /* PBXContainerItemProxy */;
		};
		4398526027D752DD000944DD /* PBXTargetDependency */ = {
			isa = PBXTargetDependency;
			target = 4398523D27D752DC000944DD /* Project01_TipCalculator */;
			targetProxy = 4398525F27D752DD000944DD /* PBXContainerItemProxy */;
		};
/* End PBXTargetDependency section */

/* Begin PBXVariantGroup section */
		4398524727D752DC000944DD /* Main.storyboard */ = {
			isa = PBXVariantGroup;
			children = (
				4398524827D752DC000944DD /* Base */,
			);
			name = Main.storyboard;
			sourceTree = "<group>";
		};
		4398524C27D752DD000944DD /* LaunchScreen.storyboard */ = {
			isa = PBXVariantGroup;
			children = (
				4398524D27D752DD000944DD /* Base */,
			);
			name = LaunchScreen.storyboard;
			sourceTree = "<group>";
		};
/* End PBXVariantGroup section */

/* Begin XCBuildConfiguration section */
		4398526627D752DD000944DD /* Debug */ = {
			isa = XCBuildConfiguration;
			buildSettings = {
				ALWAYS_SEARCH_USER_PATHS = NO;
				CLANG_ANALYZER_NONNULL = YES;
				CLANG_ANALYZER_NUMBER_OBJECT_CONVERSION = YES_AGGRESSIVE;
				CLANG_CXX_LANGUAGE_STANDARD = "gnu++17";
				CLANG_CXX_LIBRARY = "libc++";
				CLANG_ENABLE_MODULES = YES;
				CLANG_ENABLE_OBJC_ARC = YES;
				CLANG_ENABLE_OBJC_WEAK = YES;
				CLANG_WARN_BLOCK_CAPTURE_AUTORELEASING = YES;
				CLANG_WARN_BOOL_CONVERSION = YES;
				CLANG_WARN_COMMA = YES;
				CLANG_WARN_CONSTANT_CONVERSION = YES;
				CLANG_WARN_DEPRECATED_OBJC_IMPLEMENTATIONS = YES;
				CLANG_WARN_DIRECT_OBJC_ISA_USAGE = YES_ERROR;
				CLANG_WARN_DOCUMENTATION_COMMENTS = YES;
				CLANG_WARN_EMPTY_BODY = YES;
				CLANG_WARN_ENUM_CONVERSION = YES;
				CLANG_WARN_INFINITE_RECURSION = YES;
				CLANG_WARN_INT_CONVERSION = YES;
				CLANG_WARN_NON_LITERAL_NULL_CONVERSION = YES;
				CLANG_WARN_OBJC_IMPLICIT_RETAIN_SELF = YES;
				CLANG_WARN_OBJC_LITERAL_CONVERSION = YES;
				CLANG_WARN_OBJC_ROOT_CLASS = YES_ERROR;
				CLANG_WARN_QUOTED_INCLUDE_IN_FRAMEWORK_HEADER = YES;
				CLANG_WARN_RANGE_LOOP_ANALYSIS = YES;
				CLANG_WARN_STRICT_PROTOTYPES = YES;
				CLANG_WARN_SUSPICIOUS_MOVE = YES;
				CLANG_WARN_UNGUARDED_AVAILABILITY = YES_AGGRESSIVE;
				CLANG_WARN_UNREACHABLE_CODE = YES;
				CLANG_WARN__DUPLICATE_METHOD_MATCH = YES;
				COPY_PHASE_STRIP = NO;
				DEBUG_INFORMATION_FORMAT = dwarf;
				ENABLE_STRICT_OBJC_MSGSEND = YES;
				ENABLE_TESTABILITY = YES;
				GCC_C_LANGUAGE_STANDARD = gnu11;
				GCC_DYNAMIC_NO_PIC = NO;
				GCC_NO_COMMON_BLOCKS = YES;
				GCC_OPTIMIZATION_LEVEL = 0;
				GCC_PREPROCESSOR_DEFINITIONS = (
					"DEBUG=1",
					"$(inherited)",
				);
				GCC_WARN_64_TO_32_BIT_CONVERSION = YES;
				GCC_WARN_ABOUT_RETURN_TYPE = YES_ERROR;
				GCC_WARN_UNDECLARED_SELECTOR = YES;
				GCC_WARN_UNINITIALIZED_AUTOS = YES_AGGRESSIVE;
				GCC_WARN_UNUSED_FUNCTION = YES;
				GCC_WARN_UNUSED_VARIABLE = YES;
				IPHONEOS_DEPLOYMENT_TARGET = 15.2;
				MTL_ENABLE_DEBUG_INFO = INCLUDE_SOURCE;
				MTL_FAST_MATH = YES;
				ONLY_ACTIVE_ARCH = YES;
				SDKROOT = iphoneos;
				SWIFT_ACTIVE_COMPILATION_CONDITIONS = DEBUG;
				SWIFT_OPTIMIZATION_LEVEL = "-Onone";
			};
			name = Debug;
		};
		4398526727D752DD000944DD /* Release */ = {
			isa = XCBuildConfiguration;
			buildSettings = {
				ALWAYS_SEARCH_USER_PATHS = NO;
				CLANG_ANALYZER_NONNULL = YES;
				CLANG_ANALYZER_NUMBER_OBJECT_CONVERSION = YES_AGGRESSIVE;
				CLANG_CXX_LANGUAGE_STANDARD = "gnu++17";
				CLANG_CXX_LIBRARY = "libc++";
				CLANG_ENABLE_MODULES = YES;
				CLANG_ENABLE_OBJC_ARC = YES;
				CLANG_ENABLE_OBJC_WEAK = YES;
				CLANG_WARN_BLOCK_CAPTURE_AUTORELEASING = YES;
				CLANG_WARN_BOOL_CONVERSION = YES;
				CLANG_WARN_COMMA = YES;
				CLANG_WARN_CONSTANT_CONVERSION = YES;
				CLANG_WARN_DEPRECATED_OBJC_IMPLEMENTATIONS = YES;
				CLANG_WARN_DIRECT_OBJC_ISA_USAGE = YES_ERROR;
				CLANG_WARN_DOCUMENTATION_COMMENTS = YES;
				CLANG_WARN_EMPTY_BODY = YES;
				CLANG_WARN_ENUM_CONVERSION = YES;
				CLANG_WARN_INFINITE_RECURSION = YES;
				CLANG_WARN_INT_CONVERSION = YES;
				CLANG_WARN_NON_LITERAL_NULL_CONVERSION = YES;
				CLANG_WARN_OBJC_IMPLICIT_RETAIN_SELF = YES;
				CLANG_WARN_OBJC_LITERAL_CONVERSION = YES;
				CLANG_WARN_OBJC_ROOT_CLASS = YES_ERROR;
				CLANG_WARN_QUOTED_INCLUDE_IN_FRAMEWORK_HEADER = YES;
				CLANG_WARN_RANGE_LOOP_ANALYSIS = YES;
				CLANG_WARN_STRICT_PROTOTYPES = YES;
				CLANG_WARN_SUSPICIOUS_MOVE = YES;
				CLANG_WARN_UNGUARDED_AVAILABILITY = YES_AGGRESSIVE;
				CLANG_WARN_UNREACHABLE_CODE = YES;
				CLANG_WARN__DUPLICATE_METHOD_MATCH = YES;
				COPY_PHASE_STRIP = NO;
				DEBUG_INFORMATION_FORMAT = "dwarf-with-dsym";
				ENABLE_NS_ASSERTIONS = NO;
				ENABLE_STRICT_OBJC_MSGSEND = YES;
				GCC_C_LANGUAGE_STANDARD = gnu11;
				GCC_NO_COMMON_BLOCKS = YES;
				GCC_WARN_64_TO_32_BIT_CONVERSION = YES;
				GCC_WARN_ABOUT_RETURN_TYPE = YES_ERROR;
				GCC_WARN_UNDECLARED_SELECTOR = YES;
				GCC_WARN_UNINITIALIZED_AUTOS = YES_AGGRESSIVE;
				GCC_WARN_UNUSED_FUNCTION = YES;
				GCC_WARN_UNUSED_VARIABLE = YES;
				IPHONEOS_DEPLOYMENT_TARGET = 15.2;
				MTL_ENABLE_DEBUG_INFO = NO;
				MTL_FAST_MATH = YES;
				SDKROOT = iphoneos;
				SWIFT_COMPILATION_MODE = wholemodule;
				SWIFT_OPTIMIZATION_LEVEL = "-O";
				VALIDATE_PRODUCT = YES;
			};
			name = Release;
		};
		4398526927D752DD000944DD /* Debug */ = {
			isa = XCBuildConfiguration;
			buildSettings = {
				ASSETCATALOG_COMPILER_APPICON_NAME = AppIcon;
				ASSETCATALOG_COMPILER_GLOBAL_ACCENT_COLOR_NAME = AccentColor;
				CODE_SIGN_STYLE = Automatic;
				CURRENT_PROJECT_VERSION = 1;
				DEVELOPMENT_TEAM = X7K9P665VG;
				GENERATE_INFOPLIST_FILE = YES;
				INFOPLIST_FILE = Project01_TipCalculator/Info.plist;
				INFOPLIST_KEY_UIApplicationSupportsIndirectInputEvents = YES;
				INFOPLIST_KEY_UILaunchStoryboardName = LaunchScreen;
				INFOPLIST_KEY_UIMainStoryboardFile = Main;
				INFOPLIST_KEY_UISupportedInterfaceOrientations_iPad = "UIInterfaceOrientationPortrait UIInterfaceOrientationPortraitUpsideDown UIInterfaceOrientationLandscapeLeft UIInterfaceOrientationLandscapeRight";
				INFOPLIST_KEY_UISupportedInterfaceOrientations_iPhone = "UIInterfaceOrientationPortrait UIInterfaceOrientationLandscapeLeft UIInterfaceOrientationLandscapeRight";
				LD_RUNPATH_SEARCH_PATHS = (
					"$(inherited)",
					"@executable_path/Frameworks",
				);
				MARKETING_VERSION = 1.0;
				PRODUCT_BUNDLE_IDENTIFIER = "edu.athens.Project01-TipCalculator";
				PRODUCT_NAME = "$(TARGET_NAME)";
				SWIFT_EMIT_LOC_STRINGS = YES;
				SWIFT_VERSION = 5.0;
				TARGETED_DEVICE_FAMILY = "1,2";
			};
			name = Debug;
		};
		4398526A27D752DD000944DD /* Release */ = {
			isa = XCBuildConfiguration;
			buildSettings = {
				ASSETCATALOG_COMPILER_APPICON_NAME = AppIcon;
				ASSETCATALOG_COMPILER_GLOBAL_ACCENT_COLOR_NAME = AccentColor;
				CODE_SIGN_STYLE = Automatic;
				CURRENT_PROJECT_VERSION = 1;
				DEVELOPMENT_TEAM = X7K9P665VG;
				GENERATE_INFOPLIST_FILE = YES;
				INFOPLIST_FILE = Project01_TipCalculator/Info.plist;
				INFOPLIST_KEY_UIApplicationSupportsIndirectInputEvents = YES;
				INFOPLIST_KEY_UILaunchStoryboardName = LaunchScreen;
				INFOPLIST_KEY_UIMainStoryboardFile = Main;
				INFOPLIST_KEY_UISupportedInterfaceOrientations_iPad = "UIInterfaceOrientationPortrait UIInterfaceOrientationPortraitUpsideDown UIInterfaceOrientationLandscapeLeft UIInterfaceOrientationLandscapeRight";
				INFOPLIST_KEY_UISupportedInterfaceOrientations_iPhone = "UIInterfaceOrientationPortrait UIInterfaceOrientationLandscapeLeft UIInterfaceOrientationLandscapeRight";
				LD_RUNPATH_SEARCH_PATHS = (
					"$(inherited)",
					"@executable_path/Frameworks",
				);
				MARKETING_VERSION = 1.0;
				PRODUCT_BUNDLE_IDENTIFIER = "edu.athens.Project01-TipCalculator";
				PRODUCT_NAME = "$(TARGET_NAME)";
				SWIFT_EMIT_LOC_STRINGS = YES;
				SWIFT_VERSION = 5.0;
				TARGETED_DEVICE_FAMILY = "1,2";
			};
			name = Release;
		};
		4398526C27D752DD000944DD /* Debug */ = {
			isa = XCBuildConfiguration;
			buildSettings = {
				ALWAYS_EMBED_SWIFT_STANDARD_LIBRARIES = YES;
				BUNDLE_LOADER = "$(TEST_HOST)";
				CODE_SIGN_STYLE = Automatic;
				CURRENT_PROJECT_VERSION = 1;
				DEVELOPMENT_TEAM = X7K9P665VG;
				GENERATE_INFOPLIST_FILE = YES;
				IPHONEOS_DEPLOYMENT_TARGET = 15.2;
				MARKETING_VERSION = 1.0;
				PRODUCT_BUNDLE_IDENTIFIER = "edu.athens.Project01-TipCalculatorTests";
				PRODUCT_NAME = "$(TARGET_NAME)";
				SWIFT_EMIT_LOC_STRINGS = NO;
				SWIFT_VERSION = 5.0;
				TARGETED_DEVICE_FAMILY = "1,2";
				TEST_HOST = "$(BUILT_PRODUCTS_DIR)/Project01_TipCalculator.app/Project01_TipCalculator";
			};
			name = Debug;
		};
		4398526D27D752DD000944DD /* Release */ = {
			isa = XCBuildConfiguration;
			buildSettings = {
				ALWAYS_EMBED_SWIFT_STANDARD_LIBRARIES = YES;
				BUNDLE_LOADER = "$(TEST_HOST)";
				CODE_SIGN_STYLE = Automatic;
				CURRENT_PROJECT_VERSION = 1;
				DEVELOPMENT_TEAM = X7K9P665VG;
				GENERATE_INFOPLIST_FILE = YES;
				IPHONEOS_DEPLOYMENT_TARGET = 15.2;
				MARKETING_VERSION = 1.0;
				PRODUCT_BUNDLE_IDENTIFIER = "edu.athens.Project01-TipCalculatorTests";
				PRODUCT_NAME = "$(TARGET_NAME)";
				SWIFT_EMIT_LOC_STRINGS = NO;
				SWIFT_VERSION = 5.0;
				TARGETED_DEVICE_FAMILY = "1,2";
				TEST_HOST = "$(BUILT_PRODUCTS_DIR)/Project01_TipCalculator.app/Project01_TipCalculator";
			};
			name = Release;
		};
		4398526F27D752DD000944DD /* Debug */ = {
			isa = XCBuildConfiguration;
			buildSettings = {
				ALWAYS_EMBED_SWIFT_STANDARD_LIBRARIES = YES;
				CODE_SIGN_STYLE = Automatic;
				CURRENT_PROJECT_VERSION = 1;
				DEVELOPMENT_TEAM = X7K9P665VG;
				GENERATE_INFOPLIST_FILE = YES;
				MARKETING_VERSION = 1.0;
				PRODUCT_BUNDLE_IDENTIFIER = "edu.athens.Project01-TipCalculatorUITests";
				PRODUCT_NAME = "$(TARGET_NAME)";
				SWIFT_EMIT_LOC_STRINGS = NO;
				SWIFT_VERSION = 5.0;
				TARGETED_DEVICE_FAMILY = "1,2";
				TEST_TARGET_NAME = Project01_TipCalculator;
			};
			name = Debug;
		};
		4398527027D752DD000944DD /* Release */ = {
			isa = XCBuildConfiguration;
			buildSettings = {
				ALWAYS_EMBED_SWIFT_STANDARD_LIBRARIES = YES;
				CODE_SIGN_STYLE = Automatic;
				CURRENT_PROJECT_VERSION = 1;
				DEVELOPMENT_TEAM = X7K9P665VG;
				GENERATE_INFOPLIST_FILE = YES;
				MARKETING_VERSION = 1.0;
				PRODUCT_BUNDLE_IDENTIFIER = "edu.athens.Project01-TipCalculatorUITests";
				PRODUCT_NAME = "$(TARGET_NAME)";
				SWIFT_EMIT_LOC_STRINGS = NO;
				SWIFT_VERSION = 5.0;
				TARGETED_DEVICE_FAMILY = "1,2";
				TEST_TARGET_NAME = Project01_TipCalculator;
			};
			name = Release;
		};
/* End XCBuildConfiguration section */

/* Begin XCConfigurationList section */
		4398523927D752DC000944DD /* Build configuration list for PBXProject "Project01_TipCalculator" */ = {
			isa = XCConfigurationList;
			buildConfigurations = (
				4398526627D752DD000944DD /* Debug */,
				4398526727D752DD000944DD /* Release */,
			);
			defaultConfigurationIsVisible = 0;
			defaultConfigurationName = Release;
		};
		4398526827D752DD000944DD /* Build configuration list for PBXNativeTarget "Project01_TipCalculator" */ = {
			isa = XCConfigurationList;
			buildConfigurations = (
				4398526927D752DD000944DD /* Debug */,
				4398526A27D752DD000944DD /* Release */,
			);
			defaultConfigurationIsVisible = 0;
			defaultConfigurationName = Release;
		};
		4398526B27D752DD000944DD /* Build configuration list for PBXNativeTarget "Project01_TipCalculatorTests" */ = {
			isa = XCConfigurationList;
			buildConfigurations = (
				4398526C27D752DD000944DD /* Debug */,
				4398526D27D752DD000944DD /* Release */,
			);
			defaultConfigurationIsVisible = 0;
			defaultConfigurationName = Release;
		};
		4398526E27D752DD000944DD /* Build configuration list for PBXNativeTarget "Project01_TipCalculatorUITests" */ = {
			isa = XCConfigurationList;
			buildConfigurations = (
				4398526F27D752DD000944DD /* Debug */,
				4398527027D752DD000944DD /* Release */,
			);
			defaultConfigurationIsVisible = 0;
			defaultConfigurationName = Release;
		};
/* End XCConfigurationList section */
	};
	rootObject = 4398523627D752DC000944DD /* Project object */;
}
