// !$*UTF8*$!
{
	archiveVersion = 1;
	classes = {
	};
	objectVersion = 55;
	objects = {

/* Begin PBXBuildFile section */
		430E92EB27D9543B00E2A68A /* InClassDemoApp.swift in Sources */ = {isa = PBXBuildFile; fileRef = 430E92EA27D9543B00E2A68A /* InClassDemoApp.swift */; };
		430E92ED27D9543B00E2A68A /* ContentView.swift in Sources */ = {isa = PBXBuildFile; fileRef = 430E92EC27D9543B00E2A68A /* ContentView.swift */; };
		430E92EF27D9543C00E2A68A /* Assets.xcassets in Resources */ = {isa = PBXBuildFile; fileRef = 430E92EE27D9543C00E2A68A /* Assets.xcassets */; };
		430E92F227D9543C00E2A68A /* Preview Assets.xcassets in Resources */ = {isa = PBXBuildFile; fileRef = 430E92F127D9543C00E2A68A /* Preview Assets.xcassets */; };
		430E92FC27D9543C00E2A68A /* InClassDemoTests.swift in Sources */ = {isa = PBXBuildFile; fileRef = 430E92FB27D9543C00E2A68A /* InClassDemoTests.swift */; };
		430E930627D9543C00E2A68A /* InClassDemoUITests.swift in Sources */ = {isa = PBXBuildFile; fileRef = 430E930527D9543C00E2A68A /* InClassDemoUITests.swift */; };
		430E930827D9543C00E2A68A /* InClassDemoUITestsLaunchTests.swift in Sources */ = {isa = PBXBuildFile; fileRef = 430E930727D9543C00E2A68A /* InClassDemoUITestsLaunchTests.swift */; };
/* End PBXBuildFile section */

/* Begin PBXContainerItemProxy section */
		430E92F827D9543C00E2A68A /* PBXContainerItemProxy */ = {
			isa = PBXContainerItemProxy;
			containerPortal = 430E92DF27D9543B00E2A68A /* Project object */;
			proxyType = 1;
			remoteGlobalIDString = 430E92E627D9543B00E2A68A;
			remoteInfo = InClassDemo;
		};
		430E930227D9543C00E2A68A /* PBXContainerItemProxy */ = {
			isa = PBXContainerItemProxy;
			containerPortal = 430E92DF27D9543B00E2A68A /* Project object */;
			proxyType = 1;
			remoteGlobalIDString = 430E92E627D9543B00E2A68A;
			remoteInfo = InClassDemo;
		};
/* End PBXContainerItemProxy section */

/* Begin PBXFileReference section */
		430E92E727D9543B00E2A68A /* InClassDemo.app */ = {isa = PBXFileReference; explicitFileType = wrapper.application; includeInIndex = 0; path = InClassDemo.app; sourceTree = BUILT_PRODUCTS_DIR; };
		430E92EA27D9543B00E2A68A /* InClassDemoApp.swift */ = {isa = PBXFileReference; lastKnownFileType = sourcecode.swift; path = InClassDemoApp.swift; sourceTree = "<group>"; };
		430E92EC27D9543B00E2A68A /* ContentView.swift */ = {isa = PBXFileReference; lastKnownFileType = sourcecode.swift; path = ContentView.swift; sourceTree = "<group>"; };
		430E92EE27D9543C00E2A68A /* Assets.xcassets */ = {isa = PBXFileReference; lastKnownFileType = folder.assetcatalog; path = Assets.xcassets; sourceTree = "<group>"; };
		430E92F127D9543C00E2A68A /* Preview Assets.xcassets */ = {isa = PBXFileReference; lastKnownFileType = folder.assetcatalog; path = "Preview Assets.xcassets"; sourceTree = "<group>"; };
		430E92F727D9543C00E2A68A /* InClassDemoTests.xctest */ = {isa = PBXFileReference; explicitFileType = wrapper.cfbundle; includeInIndex = 0; path = InClassDemoTests.xctest; sourceTree = BUILT_PRODUCTS_DIR; };
		430E92FB27D9543C00E2A68A /* InClassDemoTests.swift */ = {isa = PBXFileReference; lastKnownFileType = sourcecode.swift; path = InClassDemoTests.swift; sourceTree = "<group>"; };
		430E930127D9543C00E2A68A /* InClassDemoUITests.xctest */ = {isa = PBXFileReference; explicitFileType = wrapper.cfbundle; includeInIndex = 0; path = InClassDemoUITests.xctest; sourceTree = BUILT_PRODUCTS_DIR; };
		430E930527D9543C00E2A68A /* InClassDemoUITests.swift */ = {isa = PBXFileReference; lastKnownFileType = sourcecode.swift; path = InClassDemoUITests.swift; sourceTree = "<group>"; };
		430E930727D9543C00E2A68A /* InClassDemoUITestsLaunchTests.swift */ = {isa = PBXFileReference; lastKnownFileType = sourcecode.swift; path = InClassDemoUITestsLaunchTests.swift; sourceTree = "<group>"; };
/* End PBXFileReference section */

/* Begin PBXFrameworksBuildPhase section */
		430E92E427D9543B00E2A68A /* Frameworks */ = {
			isa = PBXFrameworksBuildPhase;
			buildActionMask = 2147483647;
			files = (
			);
			runOnlyForDeploymentPostprocessing = 0;
		};
		430E92F427D9543C00E2A68A /* Frameworks */ = {
			isa = PBXFrameworksBuildPhase;
			buildActionMask = 2147483647;
			files = (
			);
			runOnlyForDeploymentPostprocessing = 0;
		};
		430E92FE27D9543C00E2A68A /* Frameworks */ = {
			isa = PBXFrameworksBuildPhase;
			buildActionMask = 2147483647;
			files = (
			);
			runOnlyForDeploymentPostprocessing = 0;
		};
/* End PBXFrameworksBuildPhase section */

/* Begin PBXGroup section */
		430E92DE27D9543B00E2A68A = {
			isa = PBXGroup;
			children = (
				430E92E927D9543B00E2A68A /* InClassDemo */,
				430E92FA27D9543C00E2A68A /* InClassDemoTests */,
				430E930427D9543C00E2A68A /* InClassDemoUITests */,
				430E92E827D9543B00E2A68A /* Products */,
			);
			sourceTree = "<group>";
		};
		430E92E827D9543B00E2A68A /* Products */ = {
			isa = PBXGroup;
			children = (
				430E92E727D9543B00E2A68A /* InClassDemo.app */,
				430E92F727D9543C00E2A68A /* InClassDemoTests.xctest */,
				430E930127D9543C00E2A68A /* InClassDemoUITests.xctest */,
			);
			name = Products;
			sourceTree = "<group>";
		};
		430E92E927D9543B00E2A68A /* InClassDemo */ = {
			isa = PBXGroup;
			children = (
				430E92EA27D9543B00E2A68A /* InClassDemoApp.swift */,
				430E92EC27D9543B00E2A68A /* ContentView.swift */,
				430E92EE27D9543C00E2A68A /* Assets.xcassets */,
				430E92F027D9543C00E2A68A /* Preview Content */,
			);
			path = InClassDemo;
			sourceTree = "<group>";
		};
		430E92F027D9543C00E2A68A /* Preview Content */ = {
			isa = PBXGroup;
			children = (
				430E92F127D9543C00E2A68A /* Preview Assets.xcassets */,
			);
			path = "Preview Content";
			sourceTree = "<group>";
		};
		430E92FA27D9543C00E2A68A /* InClassDemoTests */ = {
			isa = PBXGroup;
			children = (
				430E92FB27D9543C00E2A68A /* InClassDemoTests.swift */,
			);
			path = InClassDemoTests;
			sourceTree = "<group>";
		};
		430E930427D9543C00E2A68A /* InClassDemoUITests */ = {
			isa = PBXGroup;
			children = (
				430E930527D9543C00E2A68A /* InClassDemoUITests.swift */,
				430E930727D9543C00E2A68A /* InClassDemoUITestsLaunchTests.swift */,
			);
			path = InClassDemoUITests;
			sourceTree = "<group>";
		};
/* End PBXGroup section */

/* Begin PBXNativeTarget section */
		430E92E627D9543B00E2A68A /* InClassDemo */ = {
			isa = PBXNativeTarget;
			buildConfigurationList = 430E930B27D9543C00E2A68A /* Build configuration list for PBXNativeTarget "InClassDemo" */;
			buildPhases = (
				430E92E327D9543B00E2A68A /* Sources */,
				430E92E427D9543B00E2A68A /* Frameworks */,
				430E92E527D9543B00E2A68A /* Resources */,
			);
			buildRules = (
			);
			dependencies = (
			);
			name = InClassDemo;
			productName = InClassDemo;
			productReference = 430E92E727D9543B00E2A68A /* InClassDemo.app */;
			productType = "com.apple.product-type.application";
		};
		430E92F627D9543C00E2A68A /* InClassDemoTests */ = {
			isa = PBXNativeTarget;
			buildConfigurationList = 430E930E27D9543C00E2A68A /* Build configuration list for PBXNativeTarget "InClassDemoTests" */;
			buildPhases = (
				430E92F327D9543C00E2A68A /* Sources */,
				430E92F427D9543C00E2A68A /* Frameworks */,
				430E92F527D9543C00E2A68A /* Resources */,
			);
			buildRules = (
			);
			dependencies = (
				430E92F927D9543C00E2A68A /* PBXTargetDependency */,
			);
			name = InClassDemoTests;
			productName = InClassDemoTests;
			productReference = 430E92F727D9543C00E2A68A /* InClassDemoTests.xctest */;
			productType = "com.apple.product-type.bundle.unit-test";
		};
		430E930027D9543C00E2A68A /* InClassDemoUITests */ = {
			isa = PBXNativeTarget;
			buildConfigurationList = 430E931127D9543C00E2A68A /* Build configuration list for PBXNativeTarget "InClassDemoUITests" */;
			buildPhases = (
				430E92FD27D9543C00E2A68A /* Sources */,
				430E92FE27D9543C00E2A68A /* Frameworks */,
				430E92FF27D9543C00E2A68A /* Resources */,
			);
			buildRules = (
			);
			dependencies = (
				430E930327D9543C00E2A68A /* PBXTargetDependency */,
			);
			name = InClassDemoUITests;
			productName = InClassDemoUITests;
			productReference = 430E930127D9543C00E2A68A /* InClassDemoUITests.xctest */;
			productType = "com.apple.product-type.bundle.ui-testing";
		};
/* End PBXNativeTarget section */

/* Begin PBXProject section */
		430E92DF27D9543B00E2A68A /* Project object */ = {
			isa = PBXProject;
			attributes = {
				BuildIndependentTargetsInParallel = 1;
				LastSwiftUpdateCheck = 1320;
				LastUpgradeCheck = 1320;
				TargetAttributes = {
					430E92E627D9543B00E2A68A = {
						CreatedOnToolsVersion = 13.2.1;
					};
					430E92F627D9543C00E2A68A = {
						CreatedOnToolsVersion = 13.2.1;
						TestTargetID = 430E92E627D9543B00E2A68A;
					};
					430E930027D9543C00E2A68A = {
						CreatedOnToolsVersion = 13.2.1;
						TestTargetID = 430E92E627D9543B00E2A68A;
					};
				};
			};
			buildConfigurationList = 430E92E227D9543B00E2A68A /* Build configuration list for PBXProject "InClassDemo" */;
			compatibilityVersion = "Xcode 13.0";
			developmentRegion = en;
			hasScannedForEncodings = 0;
			knownRegions = (
				en,
				Base,
			);
			mainGroup = 430E92DE27D9543B00E2A68A;
			productRefGroup = 430E92E827D9543B00E2A68A /* Products */;
			projectDirPath = "";
			projectRoot = "";
			targets = (
				430E92E627D9543B00E2A68A /* InClassDemo */,
				430E92F627D9543C00E2A68A /* InClassDemoTests */,
				430E930027D9543C00E2A68A /* InClassDemoUITests */,
			);
		};
/* End PBXProject section */

/* Begin PBXResourcesBuildPhase section */
		430E92E527D9543B00E2A68A /* Resources */ = {
			isa = PBXResourcesBuildPhase;
			buildActionMask = 2147483647;
			files = (
				430E92F227D9543C00E2A68A /* Preview Assets.xcassets in Resources */,
				430E92EF27D9543C00E2A68A /* Assets.xcassets in Resources */,
			);
			runOnlyForDeploymentPostprocessing = 0;
		};
		430E92F527D9543C00E2A68A /* Resources */ = {
			isa = PBXResourcesBuildPhase;
			buildActionMask = 2147483647;
			files = (
			);
			runOnlyForDeploymentPostprocessing = 0;
		};
		430E92FF27D9543C00E2A68A /* Resources */ = {
			isa = PBXResourcesBuildPhase;
			buildActionMask = 2147483647;
			files = (
			);
			runOnlyForDeploymentPostprocessing = 0;
		};
/* End PBXResourcesBuildPhase section */

/* Begin PBXSourcesBuildPhase section */
		430E92E327D9543B00E2A68A /* Sources */ = {
			isa = PBXSourcesBuildPhase;
			buildActionMask = 2147483647;
			files = (
				430E92ED27D9543B00E2A68A /* ContentView.swift in Sources */,
				430E92EB27D9543B00E2A68A /* InClassDemoApp.swift in Sources */,
			);
			runOnlyForDeploymentPostprocessing = 0;
		};
		430E92F327D9543C00E2A68A /* Sources */ = {
			isa = PBXSourcesBuildPhase;
			buildActionMask = 2147483647;
			files = (
				430E92FC27D9543C00E2A68A /* InClassDemoTests.swift in Sources */,
			);
			runOnlyForDeploymentPostprocessing = 0;
		};
		430E92FD27D9543C00E2A68A /* Sources */ = {
			isa = PBXSourcesBuildPhase;
			buildActionMask = 2147483647;
			files = (
				430E930627D9543C00E2A68A /* InClassDemoUITests.swift in Sources */,
				430E930827D9543C00E2A68A /* InClassDemoUITestsLaunchTests.swift in Sources */,
			);
			runOnlyForDeploymentPostprocessing = 0;
		};
/* End PBXSourcesBuildPhase section */

/* Begin PBXTargetDependency section */
		430E92F927D9543C00E2A68A /* PBXTargetDependency */ = {
			isa = PBXTargetDependency;
			target = 430E92E627D9543B00E2A68A /* InClassDemo */;
			targetProxy = 430E92F827D9543C00E2A68A /* PBXContainerItemProxy */;
		};
		430E930327D9543C00E2A68A /* PBXTargetDependency */ = {
			isa = PBXTargetDependency;
			target = 430E92E627D9543B00E2A68A /* InClassDemo */;
			targetProxy = 430E930227D9543C00E2A68A /* PBXContainerItemProxy */;
		};
/* End PBXTargetDependency section */

/* Begin XCBuildConfiguration section */
		430E930927D9543C00E2A68A /* Debug */ = {
			isa = XCBuildConfiguration;
			buildSettings = {
				ALWAYS_SEARCH_USER_PATHS = NO;
				CLANG_ANALYZER_NONNULL = YES;
				CLANG_ANALYZER_NUMBER_OBJECT_CONVERSION = YES_AGGRESSIVE;
				CLANG_CXX_LANGUAGE_STANDARD = "gnu++17";
				CLANG_CXX_LIBRARY = "libc++";
				CLANG_ENABLE_MODULES = YES;
				CLANG_ENABLE_OBJC_ARC = YES;
				CLANG_ENABLE_OBJC_WEAK = YES;
				CLANG_WARN_BLOCK_CAPTURE_AUTORELEASING = YES;
				CLANG_WARN_BOOL_CONVERSION = YES;
				CLANG_WARN_COMMA = YES;
				CLANG_WARN_CONSTANT_CONVERSION = YES;
				CLANG_WARN_DEPRECATED_OBJC_IMPLEMENTATIONS = YES;
				CLANG_WARN_DIRECT_OBJC_ISA_USAGE = YES_ERROR;
				CLANG_WARN_DOCUMENTATION_COMMENTS = YES;
				CLANG_WARN_EMPTY_BODY = YES;
				CLANG_WARN_ENUM_CONVERSION = YES;
				CLANG_WARN_INFINITE_RECURSION = YES;
				CLANG_WARN_INT_CONVERSION = YES;
				CLANG_WARN_NON_LITERAL_NULL_CONVERSION = YES;
				CLANG_WARN_OBJC_IMPLICIT_RETAIN_SELF = YES;
				CLANG_WARN_OBJC_LITERAL_CONVERSION = YES;
				CLANG_WARN_OBJC_ROOT_CLASS = YES_ERROR;
				CLANG_WARN_QUOTED_INCLUDE_IN_FRAMEWORK_HEADER = YES;
				CLANG_WARN_RANGE_LOOP_ANALYSIS = YES;
				CLANG_WARN_STRICT_PROTOTYPES = YES;
				CLANG_WARN_SUSPICIOUS_MOVE = YES;
				CLANG_WARN_UNGUARDED_AVAILABILITY = YES_AGGRESSIVE;
				CLANG_WARN_UNREACHABLE_CODE = YES;
				CLANG_WARN__DUPLICATE_METHOD_MATCH = YES;
				COPY_PHASE_STRIP = NO;
				DEBUG_INFORMATION_FORMAT = dwarf;
				ENABLE_STRICT_OBJC_MSGSEND = YES;
				ENABLE_TESTABILITY = YES;
				GCC_C_LANGUAGE_STANDARD = gnu11;
				GCC_DYNAMIC_NO_PIC = NO;
				GCC_NO_COMMON_BLOCKS = YES;
				GCC_OPTIMIZATION_LEVEL = 0;
				GCC_PREPROCESSOR_DEFINITIONS = (
					"DEBUG=1",
					"$(inherited)",
				);
				GCC_WARN_64_TO_32_BIT_CONVERSION = YES;
				GCC_WARN_ABOUT_RETURN_TYPE = YES_ERROR;
				GCC_WARN_UNDECLARED_SELECTOR = YES;
				GCC_WARN_UNINITIALIZED_AUTOS = YES_AGGRESSIVE;
				GCC_WARN_UNUSED_FUNCTION = YES;
				GCC_WARN_UNUSED_VARIABLE = YES;
				IPHONEOS_DEPLOYMENT_TARGET = 15.2;
				MTL_ENABLE_DEBUG_INFO = INCLUDE_SOURCE;
				MTL_FAST_MATH = YES;
				ONLY_ACTIVE_ARCH = YES;
				SDKROOT = iphoneos;
				SWIFT_ACTIVE_COMPILATION_CONDITIONS = DEBUG;
				SWIFT_OPTIMIZATION_LEVEL = "-Onone";
			};
			name = Debug;
		};
		430E930A27D9543C00E2A68A /* Release */ = {
			isa = XCBuildConfiguration;
			buildSettings = {
				ALWAYS_SEARCH_USER_PATHS = NO;
				CLANG_ANALYZER_NONNULL = YES;
				CLANG_ANALYZER_NUMBER_OBJECT_CONVERSION = YES_AGGRESSIVE;
				CLANG_CXX_LANGUAGE_STANDARD = "gnu++17";
				CLANG_CXX_LIBRARY = "libc++";
				CLANG_ENABLE_MODULES = YES;
				CLANG_ENABLE_OBJC_ARC = YES;
				CLANG_ENABLE_OBJC_WEAK = YES;
				CLANG_WARN_BLOCK_CAPTURE_AUTORELEASING = YES;
				CLANG_WARN_BOOL_CONVERSION = YES;
				CLANG_WARN_COMMA = YES;
				CLANG_WARN_CONSTANT_CONVERSION = YES;
				CLANG_WARN_DEPRECATED_OBJC_IMPLEMENTATIONS = YES;
				CLANG_WARN_DIRECT_OBJC_ISA_USAGE = YES_ERROR;
				CLANG_WARN_DOCUMENTATION_COMMENTS = YES;
				CLANG_WARN_EMPTY_BODY = YES;
				CLANG_WARN_ENUM_CONVERSION = YES;
				CLANG_WARN_INFINITE_RECURSION = YES;
				CLANG_WARN_INT_CONVERSION = YES;
				CLANG_WARN_NON_LITERAL_NULL_CONVERSION = YES;
				CLANG_WARN_OBJC_IMPLICIT_RETAIN_SELF = YES;
				CLANG_WARN_OBJC_LITERAL_CONVERSION = YES;
				CLANG_WARN_OBJC_ROOT_CLASS = YES_ERROR;
				CLANG_WARN_QUOTED_INCLUDE_IN_FRAMEWORK_HEADER = YES;
				CLANG_WARN_RANGE_LOOP_ANALYSIS = YES;
				CLANG_WARN_STRICT_PROTOTYPES = YES;
				CLANG_WARN_SUSPICIOUS_MOVE = YES;
				CLANG_WARN_UNGUARDED_AVAILABILITY = YES_AGGRESSIVE;
				CLANG_WARN_UNREACHABLE_CODE = YES;
				CLANG_WARN__DUPLICATE_METHOD_MATCH = YES;
				COPY_PHASE_STRIP = NO;
				DEBUG_INFORMATION_FORMAT = "dwarf-with-dsym";
				ENABLE_NS_ASSERTIONS = NO;
				ENABLE_STRICT_OBJC_MSGSEND = YES;
				GCC_C_LANGUAGE_STANDARD = gnu11;
				GCC_NO_COMMON_BLOCKS = YES;
				GCC_WARN_64_TO_32_BIT_CONVERSION = YES;
				GCC_WARN_ABOUT_RETURN_TYPE = YES_ERROR;
				GCC_WARN_UNDECLARED_SELECTOR = YES;
				GCC_WARN_UNINITIALIZED_AUTOS = YES_AGGRESSIVE;
				GCC_WARN_UNUSED_FUNCTION = YES;
				GCC_WARN_UNUSED_VARIABLE = YES;
				IPHONEOS_DEPLOYMENT_TARGET = 15.2;
				MTL_ENABLE_DEBUG_INFO = NO;
				MTL_FAST_MATH = YES;
				SDKROOT = iphoneos;
				SWIFT_COMPILATION_MODE = wholemodule;
				SWIFT_OPTIMIZATION_LEVEL = "-O";
				VALIDATE_PRODUCT = YES;
			};
			name = Release;
		};
		430E930C27D9543C00E2A68A /* Debug */ = {
			isa = XCBuildConfiguration;
			buildSettings = {
				ASSETCATALOG_COMPILER_APPICON_NAME = AppIcon;
				ASSETCATALOG_COMPILER_GLOBAL_ACCENT_COLOR_NAME = AccentColor;
				CODE_SIGN_STYLE = Automatic;
				CURRENT_PROJECT_VERSION = 1;
				DEVELOPMENT_ASSET_PATHS = "\"InClassDemo/Preview Content\"";
				DEVELOPMENT_TEAM = X7K9P665VG;
				ENABLE_PREVIEWS = YES;
				GENERATE_INFOPLIST_FILE = YES;
				INFOPLIST_KEY_UIApplicationSceneManifest_Generation = YES;
				INFOPLIST_KEY_UIApplicationSupportsIndirectInputEvents = YES;
				INFOPLIST_KEY_UILaunchScreen_Generation = YES;
				INFOPLIST_KEY_UISupportedInterfaceOrientations_iPad = "UIInterfaceOrientationPortrait UIInterfaceOrientationPortraitUpsideDown UIInterfaceOrientationLandscapeLeft UIInterfaceOrientationLandscapeRight";
				INFOPLIST_KEY_UISupportedInterfaceOrientations_iPhone = "UIInterfaceOrientationPortrait UIInterfaceOrientationLandscapeLeft UIInterfaceOrientationLandscapeRight";
				LD_RUNPATH_SEARCH_PATHS = (
					"$(inherited)",
					"@executable_path/Frameworks",
				);
				MARKETING_VERSION = 1.0;
				PRODUCT_BUNDLE_IDENTIFIER = edu.athens.InClassDemo;
				PRODUCT_NAME = "$(TARGET_NAME)";
				SWIFT_EMIT_LOC_STRINGS = YES;
				SWIFT_VERSION = 5.0;
				TARGETED_DEVICE_FAMILY = "1,2";
			};
			name = Debug;
		};
		430E930D27D9543C00E2A68A /* Release */ = {
			isa = XCBuildConfiguration;
			buildSettings = {
				ASSETCATALOG_COMPILER_APPICON_NAME = AppIcon;
				ASSETCATALOG_COMPILER_GLOBAL_ACCENT_COLOR_NAME = AccentColor;
				CODE_SIGN_STYLE = Automatic;
				CURRENT_PROJECT_VERSION = 1;
				DEVELOPMENT_ASSET_PATHS = "\"InClassDemo/Preview Content\"";
				DEVELOPMENT_TEAM = X7K9P665VG;
				ENABLE_PREVIEWS = YES;
				GENERATE_INFOPLIST_FILE = YES;
				INFOPLIST_KEY_UIApplicationSceneManifest_Generation = YES;
				INFOPLIST_KEY_UIApplicationSupportsIndirectInputEvents = YES;
				INFOPLIST_KEY_UILaunchScreen_Generation = YES;
				INFOPLIST_KEY_UISupportedInterfaceOrientations_iPad = "UIInterfaceOrientationPortrait UIInterfaceOrientationPortraitUpsideDown UIInterfaceOrientationLandscapeLeft UIInterfaceOrientationLandscapeRight";
				INFOPLIST_KEY_UISupportedInterfaceOrientations_iPhone = "UIInterfaceOrientationPortrait UIInterfaceOrientationLandscapeLeft UIInterfaceOrientationLandscapeRight";
				LD_RUNPATH_SEARCH_PATHS = (
					"$(inherited)",
					"@executable_path/Frameworks",
				);
				MARKETING_VERSION = 1.0;
				PRODUCT_BUNDLE_IDENTIFIER = edu.athens.InClassDemo;
				PRODUCT_NAME = "$(TARGET_NAME)";
				SWIFT_EMIT_LOC_STRINGS = YES;
				SWIFT_VERSION = 5.0;
				TARGETED_DEVICE_FAMILY = "1,2";
			};
			name = Release;
		};
		430E930F27D9543C00E2A68A /* Debug */ = {
			isa = XCBuildConfiguration;
			buildSettings = {
				ALWAYS_EMBED_SWIFT_STANDARD_LIBRARIES = YES;
				BUNDLE_LOADER = "$(TEST_HOST)";
				CODE_SIGN_STYLE = Automatic;
				CURRENT_PROJECT_VERSION = 1;
				DEVELOPMENT_TEAM = X7K9P665VG;
				GENERATE_INFOPLIST_FILE = YES;
				IPHONEOS_DEPLOYMENT_TARGET = 15.2;
				MARKETING_VERSION = 1.0;
				PRODUCT_BUNDLE_IDENTIFIER = edu.athens.InClassDemoTests;
				PRODUCT_NAME = "$(TARGET_NAME)";
				SWIFT_EMIT_LOC_STRINGS = NO;
				SWIFT_VERSION = 5.0;
				TARGETED_DEVICE_FAMILY = "1,2";
				TEST_HOST = "$(BUILT_PRODUCTS_DIR)/InClassDemo.app/InClassDemo";
			};
			name = Debug;
		};
		430E931027D9543C00E2A68A /* Release */ = {
			isa = XCBuildConfiguration;
			buildSettings = {
				ALWAYS_EMBED_SWIFT_STANDARD_LIBRARIES = YES;
				BUNDLE_LOADER = "$(TEST_HOST)";
				CODE_SIGN_STYLE = Automatic;
				CURRENT_PROJECT_VERSION = 1;
				DEVELOPMENT_TEAM = X7K9P665VG;
				GENERATE_INFOPLIST_FILE = YES;
				IPHONEOS_DEPLOYMENT_TARGET = 15.2;
				MARKETING_VERSION = 1.0;
				PRODUCT_BUNDLE_IDENTIFIER = edu.athens.InClassDemoTests;
				PRODUCT_NAME = "$(TARGET_NAME)";
				SWIFT_EMIT_LOC_STRINGS = NO;
				SWIFT_VERSION = 5.0;
				TARGETED_DEVICE_FAMILY = "1,2";
				TEST_HOST = "$(BUILT_PRODUCTS_DIR)/InClassDemo.app/InClassDemo";
			};
			name = Release;
		};
		430E931227D9543C00E2A68A /* Debug */ = {
			isa = XCBuildConfiguration;
			buildSettings = {
				ALWAYS_EMBED_SWIFT_STANDARD_LIBRARIES = YES;
				CODE_SIGN_STYLE = Automatic;
				CURRENT_PROJECT_VERSION = 1;
				DEVELOPMENT_TEAM = X7K9P665VG;
				GENERATE_INFOPLIST_FILE = YES;
				MARKETING_VERSION = 1.0;
				PRODUCT_BUNDLE_IDENTIFIER = edu.athens.InClassDemoUITests;
				PRODUCT_NAME = "$(TARGET_NAME)";
				SWIFT_EMIT_LOC_STRINGS = NO;
				SWIFT_VERSION = 5.0;
				TARGETED_DEVICE_FAMILY = "1,2";
				TEST_TARGET_NAME = InClassDemo;
			};
			name = Debug;
		};
		430E931327D9543C00E2A68A /* Release */ = {
			isa = XCBuildConfiguration;
			buildSettings = {
				ALWAYS_EMBED_SWIFT_STANDARD_LIBRARIES = YES;
				CODE_SIGN_STYLE = Automatic;
				CURRENT_PROJECT_VERSION = 1;
				DEVELOPMENT_TEAM = X7K9P665VG;
				GENERATE_INFOPLIST_FILE = YES;
				MARKETING_VERSION = 1.0;
				PRODUCT_BUNDLE_IDENTIFIER = edu.athens.InClassDemoUITests;
				PRODUCT_NAME = "$(TARGET_NAME)";
				SWIFT_EMIT_LOC_STRINGS = NO;
				SWIFT_VERSION = 5.0;
				TARGETED_DEVICE_FAMILY = "1,2";
				TEST_TARGET_NAME = InClassDemo;
			};
			name = Release;
		};
/* End XCBuildConfiguration section */

/* Begin XCConfigurationList section */
		430E92E227D9543B00E2A68A /* Build configuration list for PBXProject "InClassDemo" */ = {
			isa = XCConfigurationList;
			buildConfigurations = (
				430E930927D9543C00E2A68A /* Debug */,
				430E930A27D9543C00E2A68A /* Release */,
			);
			defaultConfigurationIsVisible = 0;
			defaultConfigurationName = Release;
		};
		430E930B27D9543C00E2A68A /* Build configuration list for PBXNativeTarget "InClassDemo" */ = {
			isa = XCConfigurationList;
			buildConfigurations = (
				430E930C27D9543C00E2A68A /* Debug */,
				430E930D27D9543C00E2A68A /* Release */,
			);
			defaultConfigurationIsVisible = 0;
			defaultConfigurationName = Release;
		};
		430E930E27D9543C00E2A68A /* Build configuration list for PBXNativeTarget "InClassDemoTests" */ = {
			isa = XCConfigurationList;
			buildConfigurations = (
				430E930F27D9543C00E2A68A /* Debug */,
				430E931027D9543C00E2A68A /* Release */,
			);
			defaultConfigurationIsVisible = 0;
			defaultConfigurationName = Release;
		};
		430E931127D9543C00E2A68A /* Build configuration list for PBXNativeTarget "InClassDemoUITests" */ = {
			isa = XCConfigurationList;
			buildConfigurations = (
				430E931227D9543C00E2A68A /* Debug */,
				430E931327D9543C00E2A68A /* Release */,
			);
			defaultConfigurationIsVisible = 0;
			defaultConfigurationName = Release;
		};
/* End XCConfigurationList section */
	};
	rootObject = 430E92DF27D9543B00E2A68A /* Project object */;
}
